
Microsoft Visual Studio Solution File, Format Version 12.00
Project("{FAE04EC0-301F-11D3-BF4B-00C04F79EFBC}") = "ACQuoteTracker", "ACQuoteTracker\ACQuoteTracker.csproj", "{9C5FEE84-65F3-438B-83DC-FF7DDF5281F6}"
EndProject
Project("{FAE04EC0-301F-11D3-BF4B-00C04F79EFBC}") = "VillagerScraper", "VillagerScraper\VillagerScraper.csproj", "{1F757B63-8A41-4905-AFDD-9706626BAD62}"
EndProject
Global
	GlobalSection(SolutionConfigurationPlatforms) = preSolution
		Debug|Any CPU = Debug|Any CPU
		Release|Any CPU = Release|Any CPU
	EndGlobalSection
	GlobalSection(ProjectConfigurationPlatforms) = postSolution
		{9C5FEE84-65F3-438B-83DC-FF7DDF5281F6}.Debug|Any CPU.ActiveCfg = Debug|Any CPU
		{9C5FEE84-65F3-438B-83DC-FF7DDF5281F6}.Debug|Any CPU.Build.0 = Debug|Any CPU
		{9C5FEE84-65F3-438B-83DC-FF7DDF5281F6}.Release|Any CPU.ActiveCfg = Release|Any CPU
		{9C5FEE84-65F3-438B-83DC-FF7DDF5281F6}.Release|Any CPU.Build.0 = Release|Any CPU
		{1F757B63-8A41-4905-AFDD-9706626BAD62}.Debug|Any CPU.ActiveCfg = Debug|Any CPU
		{1F757B63-8A41-4905-AFDD-9706626BAD62}.Debug|Any CPU.Build.0 = Debug|Any CPU
		{1F757B63-8A41-4905-AFDD-9706626BAD62}.Release|Any CPU.ActiveCfg = Release|Any CPU
		{1F757B63-8A41-4905-AFDD-9706626BAD62}.Release|Any CPU.Build.0 = Release|Any CPU
	EndGlobalSection
EndGlobal
